// !$*UTF8*$!
{
	archiveVersion = 1;
	classes = {
	};
	objectVersion = 46;
	objects = {

/* Begin PBXBuildFile section */
		FB7679F21D8D719400C2593B /* Delay.cpp in Sources */ = {isa = PBXBuildFile; fileRef = FB7679EF1D8D719400C2593B /* Delay.cpp */; };
		FB7679F31D8D719400C2593B /* DelayA.cpp in Sources */ = {isa = PBXBuildFile; fileRef = FB7679F01D8D719400C2593B /* DelayA.cpp */; };
		FB7679F41D8D719400C2593B /* DelayL.cpp in Sources */ = {isa = PBXBuildFile; fileRef = FB7679F11D8D719400C2593B /* DelayL.cpp */; };
		FB7679F61D8D71D700C2593B /* Envelope.cpp in Sources */ = {isa = PBXBuildFile; fileRef = FB7679F51D8D71D700C2593B /* Envelope.cpp */; };
		FB7679F81D8D731E00C2593B /* Modulate.cpp in Sources */ = {isa = PBXBuildFile; fileRef = FB7679F71D8D731E00C2593B /* Modulate.cpp */; };
		FB7679FA1D8D736400C2593B /* Noise.cpp in Sources */ = {isa = PBXBuildFile; fileRef = FB7679F91D8D736400C2593B /* Noise.cpp */; };
		FB7679FC1D8D73C600C2593B /* SineWave.cpp in Sources */ = {isa = PBXBuildFile; fileRef = FB7679FB1D8D73C600C2593B /* SineWave.cpp */; };
		FB7679FE1D8D749200C2593B /* OnePole.cpp in Sources */ = {isa = PBXBuildFile; fileRef = FB7679FD1D8D749200C2593B /* OnePole.cpp */; };
		FBA13ADA1D8CCEB7000A28F7 /* FileLoop.cpp in Sources */ = {isa = PBXBuildFile; fileRef = FBA13A9D1D8CCEB7000A28F7 /* FileLoop.cpp */; };
		FBA13ADB1D8CCEB7000A28F7 /* FileRead.cpp in Sources */ = {isa = PBXBuildFile; fileRef = FBA13A9E1D8CCEB7000A28F7 /* FileRead.cpp */; };
		FBA13ADC1D8CCEB7000A28F7 /* FileWrite.cpp in Sources */ = {isa = PBXBuildFile; fileRef = FBA13A9F1D8CCEB7000A28F7 /* FileWrite.cpp */; };
		FBA13ADD1D8CCEB7000A28F7 /* FileWvIn.cpp in Sources */ = {isa = PBXBuildFile; fileRef = FBA13AA01D8CCEB7000A28F7 /* FileWvIn.cpp */; };
		FBA13ADE1D8CCEB7000A28F7 /* FileWvOut.cpp in Sources */ = {isa = PBXBuildFile; fileRef = FBA13AA11D8CCEB7000A28F7 /* FileWvOut.cpp */; };
		FBA13ADF1D8CCEB7000A28F7 /* Fir.cpp in Sources */ = {isa = PBXBuildFile; fileRef = FBA13AA21D8CCEB7000A28F7 /* Fir.cpp */; };
		FBA13AE81D8CCEB7000A28F7 /* JCRev.cpp in Sources */ = {isa = PBXBuildFile; fileRef = FBA13AAB1D8CCEB7000A28F7 /* JCRev.cpp */; };
		FBA13AEA1D8CCEB7000A28F7 /* Messager.cpp in Sources */ = {isa = PBXBuildFile; fileRef = FBA13AAD1D8CCEB7000A28F7 /* Messager.cpp */; };
		FBA13AEE1D8CCEB7000A28F7 /* Mutex.cpp in Sources */ = {isa = PBXBuildFile; fileRef = FBA13AB11D8CCEB7000A28F7 /* Mutex.cpp */; };
		FBA13AF71D8CCEB7000A28F7 /* RtAudio.cpp in Sources */ = {isa = PBXBuildFile; fileRef = FBA13ABA1D8CCEB7000A28F7 /* RtAudio.cpp */; };
		FBA13AF81D8CCEB7000A28F7 /* RtMidi.cpp in Sources */ = {isa = PBXBuildFile; fileRef = FBA13ABB1D8CCEB7000A28F7 /* RtMidi.cpp */; };
		FBA13AFE1D8CCEB7000A28F7 /* Skini.cpp in Sources */ = {isa = PBXBuildFile; fileRef = FBA13AC11D8CCEB7000A28F7 /* Skini.cpp */; };
		FBA13AFF1D8CCEB7000A28F7 /* Socket.cpp in Sources */ = {isa = PBXBuildFile; fileRef = FBA13AC21D8CCEB7000A28F7 /* Socket.cpp */; };
		FBA13B001D8CCEB7000A28F7 /* Sphere.cpp in Sources */ = {isa = PBXBuildFile; fileRef = FBA13AC31D8CCEB7000A28F7 /* Sphere.cpp */; };
		FBA13B011D8CCEB7000A28F7 /* Stk.cpp in Sources */ = {isa = PBXBuildFile; fileRef = FBA13AC41D8CCEB7000A28F7 /* Stk.cpp */; };
		FBA13B041D8CCEB7000A28F7 /* TcpServer.cpp in Sources */ = {isa = PBXBuildFile; fileRef = FBA13AC71D8CCEB7000A28F7 /* TcpServer.cpp */; };
		FBA13B051D8CCEB7000A28F7 /* Thread.cpp in Sources */ = {isa = PBXBuildFile; fileRef = FBA13AC81D8CCEB7000A28F7 /* Thread.cpp */; };
		FBA13B0A1D8CCEB7000A28F7 /* Voicer.cpp in Sources */ = {isa = PBXBuildFile; fileRef = FBA13ACD1D8CCEB7000A28F7 /* Voicer.cpp */; };
		FBC663D31D8F4EE100224316 /* ssdevenv_main.cpp in Sources */ = {isa = PBXBuildFile; fileRef = FBC663D21D8F4EE100224316 /* ssdevenv_main.cpp */; };
		FBD96E7C1D855D21006AE339 /* msgf_if.cpp in Sources */ = {isa = PBXBuildFile; fileRef = FBD96E611D855D21006AE339 /* msgf_if.cpp */; };
		FBD96E7D1D855D21006AE339 /* msgf_audio_buffer.cpp in Sources */ = {isa = PBXBuildFile; fileRef = FBD96E641D855D21006AE339 /* msgf_audio_buffer.cpp */; };
		FBD96E7E1D855D21006AE339 /* msgf_eg.cpp in Sources */ = {isa = PBXBuildFile; fileRef = FBD96E661D855D21006AE339 /* msgf_eg.cpp */; };
		FBD96E7F1D855D21006AE339 /* msgf_eg2seg.cpp in Sources */ = {isa = PBXBuildFile; fileRef = FBD96E681D855D21006AE339 /* msgf_eg2seg.cpp */; };
		FBD96E801D855D21006AE339 /* msgf_eg4seg.cpp in Sources */ = {isa = PBXBuildFile; fileRef = FBD96E6A1D855D21006AE339 /* msgf_eg4seg.cpp */; };
		FBD96E811D855D21006AE339 /* msgf_event_info.cpp in Sources */ = {isa = PBXBuildFile; fileRef = FBD96E6C1D855D21006AE339 /* msgf_event_info.cpp */; };
		FBD96E821D855D21006AE339 /* msgf_instrument_for_check.cpp in Sources */ = {isa = PBXBuildFile; fileRef = FBD96E6F1D855D21006AE339 /* msgf_instrument_for_check.cpp */; };
		FBD96E831D855D21006AE339 /* msgf_instrument.cpp in Sources */ = {isa = PBXBuildFile; fileRef = FBD96E711D855D21006AE339 /* msgf_instrument.cpp */; };
		FBD96E841D855D21006AE339 /* msgf_level_check.cpp in Sources */ = {isa = PBXBuildFile; fileRef = FBD96E721D855D21006AE339 /* msgf_level_check.cpp */; };
		FBD96E851D855D21006AE339 /* msgf_lfo.cpp in Sources */ = {isa = PBXBuildFile; fileRef = FBD96E731D855D21006AE339 /* msgf_lfo.cpp */; };
		FBD96E861D855D21006AE339 /* msgf_note.cpp in Sources */ = {isa = PBXBuildFile; fileRef = FBD96E751D855D21006AE339 /* msgf_note.cpp */; };
		FBD96E871D855D21006AE339 /* msgf_part.cpp in Sources */ = {isa = PBXBuildFile; fileRef = FBD96E771D855D21006AE339 /* msgf_part.cpp */; };
		FBD96E881D855D21006AE339 /* msgf_voice_context.cpp in Sources */ = {isa = PBXBuildFile; fileRef = FBD96E7A1D855D21006AE339 /* msgf_voice_context.cpp */; };
		FBD96E9C1D855D39006AE339 /* msgf_osc_pipe.cpp in Sources */ = {isa = PBXBuildFile; fileRef = FBD96E8F1D855D39006AE339 /* msgf_osc_pipe.cpp */; };
		FBD96E9D1D855D39006AE339 /* msgf_amp_pipe.cpp in Sources */ = {isa = PBXBuildFile; fileRef = FBD96E911D855D39006AE339 /* msgf_amp_pipe.cpp */; };
		FBD96EA91D855D50006AE339 /* mf_instrument.cpp in Sources */ = {isa = PBXBuildFile; fileRef = FBD96EA11D855D50006AE339 /* mf_instrument.cpp */; };
		FBD96EAA1D855D50006AE339 /* mf_voice_context.cpp in Sources */ = {isa = PBXBuildFile; fileRef = FBD96EA21D855D50006AE339 /* mf_voice_context.cpp */; };
		FBD96EAB1D855D50006AE339 /* mf_note.cpp in Sources */ = {isa = PBXBuildFile; fileRef = FBD96EA51D855D50006AE339 /* mf_note.cpp */; };
		FBD96EAC1D855D50006AE339 /* msgf_configuration.cpp in Sources */ = {isa = PBXBuildFile; fileRef = FBD96EA71D855D50006AE339 /* msgf_configuration.cpp */; };
		FBD96F241D8567AB006AE339 /* CoreAudio.framework in Frameworks */ = {isa = PBXBuildFile; fileRef = FBD96F231D8567AB006AE339 /* CoreAudio.framework */; };
		FBD96F261D8567BB006AE339 /* CoreMIDI.framework in Frameworks */ = {isa = PBXBuildFile; fileRef = FBD96F251D8567BB006AE339 /* CoreMIDI.framework */; };
		FBD96F281D8567CD006AE339 /* CoreFoundation.framework in Frameworks */ = {isa = PBXBuildFile; fileRef = FBD96F271D8567CD006AE339 /* CoreFoundation.framework */; };
/* End PBXBuildFile section */

/* Begin PBXCopyFilesBuildPhase section */
		FBD96E3B1D855BF3006AE339 /* CopyFiles */ = {
			isa = PBXCopyFilesBuildPhase;
			buildActionMask = 2147483647;
			dstPath = /usr/share/man/man1/;
			dstSubfolderSpec = 0;
			files = (
			);
			runOnlyForDeploymentPostprocessing = 1;
		};
/* End PBXCopyFilesBuildPhase section */

/* Begin PBXFileReference section */
		FB7679EC1D8D717E00C2593B /* Delay.h */ = {isa = PBXFileReference; fileEncoding = 4; lastKnownFileType = sourcecode.c.h; name = Delay.h; path = ../stk_include/Delay.h; sourceTree = "<group>"; };
		FB7679ED1D8D717E00C2593B /* DelayA.h */ = {isa = PBXFileReference; fileEncoding = 4; lastKnownFileType = sourcecode.c.h; name = DelayA.h; path = ../stk_include/DelayA.h; sourceTree = "<group>"; };
		FB7679EE1D8D717E00C2593B /* DelayL.h */ = {isa = PBXFileReference; fileEncoding = 4; lastKnownFileType = sourcecode.c.h; name = DelayL.h; path = ../stk_include/DelayL.h; sourceTree = "<group>"; };
		FB7679EF1D8D719400C2593B /* Delay.cpp */ = {isa = PBXFileReference; fileEncoding = 4; lastKnownFileType = sourcecode.cpp.cpp; name = Delay.cpp; path = ../stk/Delay.cpp; sourceTree = "<group>"; };
		FB7679F01D8D719400C2593B /* DelayA.cpp */ = {isa = PBXFileReference; fileEncoding = 4; lastKnownFileType = sourcecode.cpp.cpp; name = DelayA.cpp; path = ../stk/DelayA.cpp; sourceTree = "<group>"; };
		FB7679F11D8D719400C2593B /* DelayL.cpp */ = {isa = PBXFileReference; fileEncoding = 4; lastKnownFileType = sourcecode.cpp.cpp; name = DelayL.cpp; path = ../stk/DelayL.cpp; sourceTree = "<group>"; };
		FB7679F51D8D71D700C2593B /* Envelope.cpp */ = {isa = PBXFileReference; fileEncoding = 4; lastKnownFileType = sourcecode.cpp.cpp; name = Envelope.cpp; path = ../stk/Envelope.cpp; sourceTree = "<group>"; };
		FB7679F71D8D731E00C2593B /* Modulate.cpp */ = {isa = PBXFileReference; fileEncoding = 4; lastKnownFileType = sourcecode.cpp.cpp; name = Modulate.cpp; path = ../stk/Modulate.cpp; sourceTree = "<group>"; };
		FB7679F91D8D736400C2593B /* Noise.cpp */ = {isa = PBXFileReference; fileEncoding = 4; lastKnownFileType = sourcecode.cpp.cpp; name = Noise.cpp; path = ../stk/Noise.cpp; sourceTree = "<group>"; };
		FB7679FB1D8D73C600C2593B /* SineWave.cpp */ = {isa = PBXFileReference; fileEncoding = 4; lastKnownFileType = sourcecode.cpp.cpp; name = SineWave.cpp; path = ../stk/SineWave.cpp; sourceTree = "<group>"; };
		FB7679FD1D8D749200C2593B /* OnePole.cpp */ = {isa = PBXFileReference; fileEncoding = 4; lastKnownFileType = sourcecode.cpp.cpp; name = OnePole.cpp; path = ../stk/OnePole.cpp; sourceTree = "<group>"; };
		FBA13A9D1D8CCEB7000A28F7 /* FileLoop.cpp */ = {isa = PBXFileReference; fileEncoding = 4; lastKnownFileType = sourcecode.cpp.cpp; name = FileLoop.cpp; path = ../stk/FileLoop.cpp; sourceTree = "<group>"; };
		FBA13A9E1D8CCEB7000A28F7 /* FileRead.cpp */ = {isa = PBXFileReference; fileEncoding = 4; lastKnownFileType = sourcecode.cpp.cpp; name = FileRead.cpp; path = ../stk/FileRead.cpp; sourceTree = "<group>"; };
		FBA13A9F1D8CCEB7000A28F7 /* FileWrite.cpp */ = {isa = PBXFileReference; fileEncoding = 4; lastKnownFileType = sourcecode.cpp.cpp; name = FileWrite.cpp; path = ../stk/FileWrite.cpp; sourceTree = "<group>"; };
		FBA13AA01D8CCEB7000A28F7 /* FileWvIn.cpp */ = {isa = PBXFileReference; fileEncoding = 4; lastKnownFileType = sourcecode.cpp.cpp; name = FileWvIn.cpp; path = ../stk/FileWvIn.cpp; sourceTree = "<group>"; };
		FBA13AA11D8CCEB7000A28F7 /* FileWvOut.cpp */ = {isa = PBXFileReference; fileEncoding = 4; lastKnownFileType = sourcecode.cpp.cpp; name = FileWvOut.cpp; path = ../stk/FileWvOut.cpp; sourceTree = "<group>"; };
		FBA13AA21D8CCEB7000A28F7 /* Fir.cpp */ = {isa = PBXFileReference; fileEncoding = 4; lastKnownFileType = sourcecode.cpp.cpp; name = Fir.cpp; path = ../stk/Fir.cpp; sourceTree = "<group>"; };
		FBA13AAB1D8CCEB7000A28F7 /* JCRev.cpp */ = {isa = PBXFileReference; fileEncoding = 4; lastKnownFileType = sourcecode.cpp.cpp; name = JCRev.cpp; path = ../stk/JCRev.cpp; sourceTree = "<group>"; };
		FBA13AAD1D8CCEB7000A28F7 /* Messager.cpp */ = {isa = PBXFileReference; fileEncoding = 4; lastKnownFileType = sourcecode.cpp.cpp; name = Messager.cpp; path = ../stk/Messager.cpp; sourceTree = "<group>"; };
		FBA13AB11D8CCEB7000A28F7 /* Mutex.cpp */ = {isa = PBXFileReference; fileEncoding = 4; lastKnownFileType = sourcecode.cpp.cpp; name = Mutex.cpp; path = ../stk/Mutex.cpp; sourceTree = "<group>"; };
		FBA13ABA1D8CCEB7000A28F7 /* RtAudio.cpp */ = {isa = PBXFileReference; fileEncoding = 4; lastKnownFileType = sourcecode.cpp.cpp; name = RtAudio.cpp; path = ../stk/RtAudio.cpp; sourceTree = "<group>"; };
		FBA13ABB1D8CCEB7000A28F7 /* RtMidi.cpp */ = {isa = PBXFileReference; fileEncoding = 4; lastKnownFileType = sourcecode.cpp.cpp; name = RtMidi.cpp; path = ../stk/RtMidi.cpp; sourceTree = "<group>"; };
		FBA13AC11D8CCEB7000A28F7 /* Skini.cpp */ = {isa = PBXFileReference; fileEncoding = 4; lastKnownFileType = sourcecode.cpp.cpp; name = Skini.cpp; path = ../stk/Skini.cpp; sourceTree = "<group>"; };
		FBA13AC21D8CCEB7000A28F7 /* Socket.cpp */ = {isa = PBXFileReference; fileEncoding = 4; lastKnownFileType = sourcecode.cpp.cpp; name = Socket.cpp; path = ../stk/Socket.cpp; sourceTree = "<group>"; };
		FBA13AC31D8CCEB7000A28F7 /* Sphere.cpp */ = {isa = PBXFileReference; fileEncoding = 4; lastKnownFileType = sourcecode.cpp.cpp; name = Sphere.cpp; path = ../stk/Sphere.cpp; sourceTree = "<group>"; };
		FBA13AC41D8CCEB7000A28F7 /* Stk.cpp */ = {isa = PBXFileReference; fileEncoding = 4; lastKnownFileType = sourcecode.cpp.cpp; name = Stk.cpp; path = ../stk/Stk.cpp; sourceTree = "<group>"; };
		FBA13AC71D8CCEB7000A28F7 /* TcpServer.cpp */ = {isa = PBXFileReference; fileEncoding = 4; lastKnownFileType = sourcecode.cpp.cpp; name = TcpServer.cpp; path = ../stk/TcpServer.cpp; sourceTree = "<group>"; };
		FBA13AC81D8CCEB7000A28F7 /* Thread.cpp */ = {isa = PBXFileReference; fileEncoding = 4; lastKnownFileType = sourcecode.cpp.cpp; name = Thread.cpp; path = ../stk/Thread.cpp; sourceTree = "<group>"; };
		FBA13ACD1D8CCEB7000A28F7 /* Voicer.cpp */ = {isa = PBXFileReference; fileEncoding = 4; lastKnownFileType = sourcecode.cpp.cpp; name = Voicer.cpp; path = ../stk/Voicer.cpp; sourceTree = "<group>"; };
		FBA13B111D8CCEEC000A28F7 /* BowTable.h */ = {isa = PBXFileReference; fileEncoding = 4; lastKnownFileType = sourcecode.c.h; name = BowTable.h; path = ../stk_include/BowTable.h; sourceTree = "<group>"; };
		FBA13B131D8CCEED000A28F7 /* Cubic.h */ = {isa = PBXFileReference; fileEncoding = 4; lastKnownFileType = sourcecode.c.h; name = Cubic.h; path = ../stk_include/Cubic.h; sourceTree = "<group>"; };
		FBA13B181D8CCEED000A28F7 /* Effect.h */ = {isa = PBXFileReference; fileEncoding = 4; lastKnownFileType = sourcecode.c.h; name = Effect.h; path = ../stk_include/Effect.h; sourceTree = "<group>"; };
		FBA13B191D8CCEED000A28F7 /* Envelope.h */ = {isa = PBXFileReference; fileEncoding = 4; lastKnownFileType = sourcecode.c.h; name = Envelope.h; path = ../stk_include/Envelope.h; sourceTree = "<group>"; };
		FBA13B1A1D8CCEED000A28F7 /* FileLoop.h */ = {isa = PBXFileReference; fileEncoding = 4; lastKnownFileType = sourcecode.c.h; name = FileLoop.h; path = ../stk_include/FileLoop.h; sourceTree = "<group>"; };
		FBA13B1B1D8CCEED000A28F7 /* FileRead.h */ = {isa = PBXFileReference; fileEncoding = 4; lastKnownFileType = sourcecode.c.h; name = FileRead.h; path = ../stk_include/FileRead.h; sourceTree = "<group>"; };
		FBA13B1C1D8CCEED000A28F7 /* FileWrite.h */ = {isa = PBXFileReference; fileEncoding = 4; lastKnownFileType = sourcecode.c.h; name = FileWrite.h; path = ../stk_include/FileWrite.h; sourceTree = "<group>"; };
		FBA13B1D1D8CCEED000A28F7 /* FileWvIn.h */ = {isa = PBXFileReference; fileEncoding = 4; lastKnownFileType = sourcecode.c.h; name = FileWvIn.h; path = ../stk_include/FileWvIn.h; sourceTree = "<group>"; };
		FBA13B1E1D8CCEED000A28F7 /* FileWvOut.h */ = {isa = PBXFileReference; fileEncoding = 4; lastKnownFileType = sourcecode.c.h; name = FileWvOut.h; path = ../stk_include/FileWvOut.h; sourceTree = "<group>"; };
		FBA13B1F1D8CCEED000A28F7 /* Filter.h */ = {isa = PBXFileReference; fileEncoding = 4; lastKnownFileType = sourcecode.c.h; name = Filter.h; path = ../stk_include/Filter.h; sourceTree = "<group>"; };
		FBA13B201D8CCEED000A28F7 /* Fir.h */ = {isa = PBXFileReference; fileEncoding = 4; lastKnownFileType = sourcecode.c.h; name = Fir.h; path = ../stk_include/Fir.h; sourceTree = "<group>"; };
		FBA13B241D8CCEED000A28F7 /* Function.h */ = {isa = PBXFileReference; fileEncoding = 4; lastKnownFileType = sourcecode.c.h; name = Function.h; path = ../stk_include/Function.h; sourceTree = "<group>"; };
		FBA13B251D8CCEED000A28F7 /* Generator.h */ = {isa = PBXFileReference; fileEncoding = 4; lastKnownFileType = sourcecode.c.h; name = Generator.h; path = ../stk_include/Generator.h; sourceTree = "<group>"; };
		FBA13B2B1D8CCEED000A28F7 /* Instrmnt.h */ = {isa = PBXFileReference; fileEncoding = 4; lastKnownFileType = sourcecode.c.h; name = Instrmnt.h; path = ../stk_include/Instrmnt.h; sourceTree = "<group>"; };
		FBA13B2C1D8CCEED000A28F7 /* JCRev.h */ = {isa = PBXFileReference; fileEncoding = 4; lastKnownFileType = sourcecode.c.h; name = JCRev.h; path = ../stk_include/JCRev.h; sourceTree = "<group>"; };
		FBA13B2D1D8CCEED000A28F7 /* JetTable.h */ = {isa = PBXFileReference; fileEncoding = 4; lastKnownFileType = sourcecode.c.h; name = JetTable.h; path = ../stk_include/JetTable.h; sourceTree = "<group>"; };
		FBA13B2F1D8CCEED000A28F7 /* Messager.h */ = {isa = PBXFileReference; fileEncoding = 4; lastKnownFileType = sourcecode.c.h; name = Messager.h; path = ../stk_include/Messager.h; sourceTree = "<group>"; };
		FBA13B321D8CCEED000A28F7 /* Modulate.h */ = {isa = PBXFileReference; fileEncoding = 4; lastKnownFileType = sourcecode.c.h; name = Modulate.h; path = ../stk_include/Modulate.h; sourceTree = "<group>"; };
		FBA13B331D8CCEED000A28F7 /* Mutex.h */ = {isa = PBXFileReference; fileEncoding = 4; lastKnownFileType = sourcecode.c.h; name = Mutex.h; path = ../stk_include/Mutex.h; sourceTree = "<group>"; };
		FBA13B341D8CCEED000A28F7 /* Noise.h */ = {isa = PBXFileReference; fileEncoding = 4; lastKnownFileType = sourcecode.c.h; name = Noise.h; path = ../stk_include/Noise.h; sourceTree = "<group>"; };
		FBA13B361D8CCEED000A28F7 /* OnePole.h */ = {isa = PBXFileReference; fileEncoding = 4; lastKnownFileType = sourcecode.c.h; name = OnePole.h; path = ../stk_include/OnePole.h; sourceTree = "<group>"; };
		FBA13B3C1D8CCEED000A28F7 /* ReedTable.h */ = {isa = PBXFileReference; fileEncoding = 4; lastKnownFileType = sourcecode.c.h; name = ReedTable.h; path = ../stk_include/ReedTable.h; sourceTree = "<group>"; };
		FBA13B3D1D8CCEED000A28F7 /* RtAudio.h */ = {isa = PBXFileReference; fileEncoding = 4; lastKnownFileType = sourcecode.c.h; name = RtAudio.h; path = ../stk_include/RtAudio.h; sourceTree = "<group>"; };
		FBA13B3E1D8CCEED000A28F7 /* RtMidi.h */ = {isa = PBXFileReference; fileEncoding = 4; lastKnownFileType = sourcecode.c.h; name = RtMidi.h; path = ../stk_include/RtMidi.h; sourceTree = "<group>"; };
		FBA13B421D8CCEED000A28F7 /* SineWave.h */ = {isa = PBXFileReference; fileEncoding = 4; lastKnownFileType = sourcecode.c.h; name = SineWave.h; path = ../stk_include/SineWave.h; sourceTree = "<group>"; };
		FBA13B431D8CCEED000A28F7 /* SingWave.h */ = {isa = PBXFileReference; fileEncoding = 4; lastKnownFileType = sourcecode.c.h; name = SingWave.h; path = ../stk_include/SingWave.h; sourceTree = "<group>"; };
		FBA13B441D8CCEED000A28F7 /* Skini.h */ = {isa = PBXFileReference; fileEncoding = 4; lastKnownFileType = sourcecode.c.h; name = Skini.h; path = ../stk_include/Skini.h; sourceTree = "<group>"; };
		FBA13B451D8CCEED000A28F7 /* SKINImsg.h */ = {isa = PBXFileReference; fileEncoding = 4; lastKnownFileType = sourcecode.c.h; name = SKINImsg.h; path = ../stk_include/SKINImsg.h; sourceTree = "<group>"; };
		FBA13B461D8CCEED000A28F7 /* SKINItbl.h */ = {isa = PBXFileReference; fileEncoding = 4; lastKnownFileType = sourcecode.c.h; name = SKINItbl.h; path = ../stk_include/SKINItbl.h; sourceTree = "<group>"; };
		FBA13B471D8CCEED000A28F7 /* Socket.h */ = {isa = PBXFileReference; fileEncoding = 4; lastKnownFileType = sourcecode.c.h; name = Socket.h; path = ../stk_include/Socket.h; sourceTree = "<group>"; };
		FBA13B481D8CCEED000A28F7 /* Sphere.h */ = {isa = PBXFileReference; fileEncoding = 4; lastKnownFileType = sourcecode.c.h; name = Sphere.h; path = ../stk_include/Sphere.h; sourceTree = "<group>"; };
		FBA13B491D8CCEED000A28F7 /* Stk.h */ = {isa = PBXFileReference; fileEncoding = 4; lastKnownFileType = sourcecode.c.h; name = Stk.h; path = ../stk_include/Stk.h; sourceTree = "<group>"; };
		FBA13B4C1D8CCEED000A28F7 /* TcpServer.h */ = {isa = PBXFileReference; fileEncoding = 4; lastKnownFileType = sourcecode.c.h; name = TcpServer.h; path = ../stk_include/TcpServer.h; sourceTree = "<group>"; };
		FBA13B4D1D8CCEED000A28F7 /* Thread.h */ = {isa = PBXFileReference; fileEncoding = 4; lastKnownFileType = sourcecode.c.h; name = Thread.h; path = ../stk_include/Thread.h; sourceTree = "<group>"; };
		FBA13B521D8CCEED000A28F7 /* Vector3D.h */ = {isa = PBXFileReference; fileEncoding = 4; lastKnownFileType = sourcecode.c.h; name = Vector3D.h; path = ../stk_include/Vector3D.h; sourceTree = "<group>"; };
		FBA13B531D8CCEED000A28F7 /* Voicer.h */ = {isa = PBXFileReference; fileEncoding = 4; lastKnownFileType = sourcecode.c.h; name = Voicer.h; path = ../stk_include/Voicer.h; sourceTree = "<group>"; };
		FBA13B541D8CCEED000A28F7 /* WvIn.h */ = {isa = PBXFileReference; fileEncoding = 4; lastKnownFileType = sourcecode.c.h; name = WvIn.h; path = ../stk_include/WvIn.h; sourceTree = "<group>"; };
		FBA13B551D8CCEED000A28F7 /* WvOut.h */ = {isa = PBXFileReference; fileEncoding = 4; lastKnownFileType = sourcecode.c.h; name = WvOut.h; path = ../stk_include/WvOut.h; sourceTree = "<group>"; };
		FBC663D21D8F4EE100224316 /* ssdevenv_main.cpp */ = {isa = PBXFileReference; fileEncoding = 4; lastKnownFileType = sourcecode.cpp.cpp; name = ssdevenv_main.cpp; path = ../app/ssdevenv_main.cpp; sourceTree = "<group>"; };
		FBD96E3D1D855BF3006AE339 /* ssdevenv */ = {isa = PBXFileReference; explicitFileType = "compiled.mach-o.executable"; includeInIndex = 0; path = ssdevenv; sourceTree = BUILT_PRODUCTS_DIR; };
		FBD96E601D855D21006AE339 /* msgf_level_check.h */ = {isa = PBXFileReference; fileEncoding = 4; lastKnownFileType = sourcecode.c.h; name = msgf_level_check.h; path = ../../../../Dropbox/ManagedSoftware/Musical_Sound_Generator_Framework/msgf_general/msgf_level_check.h; sourceTree = "<group>"; };
		FBD96E611D855D21006AE339 /* msgf_if.cpp */ = {isa = PBXFileReference; fileEncoding = 4; lastKnownFileType = sourcecode.cpp.cpp; name = msgf_if.cpp; path = ../../../../Dropbox/ManagedSoftware/Musical_Sound_Generator_Framework/msgf_general/msgf_if.cpp; sourceTree = "<group>"; };
		FBD96E621D855D21006AE339 /* msgf_part.h */ = {isa = PBXFileReference; fileEncoding = 4; lastKnownFileType = sourcecode.c.h; name = msgf_part.h; path = ../../../../Dropbox/ManagedSoftware/Musical_Sound_Generator_Framework/msgf_general/msgf_part.h; sourceTree = "<group>"; };
		FBD96E631D855D21006AE339 /* msgf_instrument.h */ = {isa = PBXFileReference; fileEncoding = 4; lastKnownFileType = sourcecode.c.h; name = msgf_instrument.h; path = ../../../../Dropbox/ManagedSoftware/Musical_Sound_Generator_Framework/msgf_general/msgf_instrument.h; sourceTree = "<group>"; };
		FBD96E641D855D21006AE339 /* msgf_audio_buffer.cpp */ = {isa = PBXFileReference; fileEncoding = 4; lastKnownFileType = sourcecode.cpp.cpp; name = msgf_audio_buffer.cpp; path = ../../../../Dropbox/ManagedSoftware/Musical_Sound_Generator_Framework/msgf_general/msgf_audio_buffer.cpp; sourceTree = "<group>"; };
		FBD96E651D855D21006AE339 /* msgf_audio_buffer.h */ = {isa = PBXFileReference; fileEncoding = 4; lastKnownFileType = sourcecode.c.h; name = msgf_audio_buffer.h; path = ../../../../Dropbox/ManagedSoftware/Musical_Sound_Generator_Framework/msgf_general/msgf_audio_buffer.h; sourceTree = "<group>"; };
		FBD96E661D855D21006AE339 /* msgf_eg.cpp */ = {isa = PBXFileReference; fileEncoding = 4; lastKnownFileType = sourcecode.cpp.cpp; name = msgf_eg.cpp; path = ../../../../Dropbox/ManagedSoftware/Musical_Sound_Generator_Framework/msgf_general/msgf_eg.cpp; sourceTree = "<group>"; };
		FBD96E671D855D21006AE339 /* msgf_eg.h */ = {isa = PBXFileReference; fileEncoding = 4; lastKnownFileType = sourcecode.c.h; name = msgf_eg.h; path = ../../../../Dropbox/ManagedSoftware/Musical_Sound_Generator_Framework/msgf_general/msgf_eg.h; sourceTree = "<group>"; };
		FBD96E681D855D21006AE339 /* msgf_eg2seg.cpp */ = {isa = PBXFileReference; fileEncoding = 4; lastKnownFileType = sourcecode.cpp.cpp; name = msgf_eg2seg.cpp; path = ../../../../Dropbox/ManagedSoftware/Musical_Sound_Generator_Framework/msgf_general/msgf_eg2seg.cpp; sourceTree = "<group>"; };
		FBD96E691D855D21006AE339 /* msgf_eg2seg.h */ = {isa = PBXFileReference; fileEncoding = 4; lastKnownFileType = sourcecode.c.h; name = msgf_eg2seg.h; path = ../../../../Dropbox/ManagedSoftware/Musical_Sound_Generator_Framework/msgf_general/msgf_eg2seg.h; sourceTree = "<group>"; };
		FBD96E6A1D855D21006AE339 /* msgf_eg4seg.cpp */ = {isa = PBXFileReference; fileEncoding = 4; lastKnownFileType = sourcecode.cpp.cpp; name = msgf_eg4seg.cpp; path = ../../../../Dropbox/ManagedSoftware/Musical_Sound_Generator_Framework/msgf_general/msgf_eg4seg.cpp; sourceTree = "<group>"; };
		FBD96E6B1D855D21006AE339 /* msgf_eg4seg.h */ = {isa = PBXFileReference; fileEncoding = 4; lastKnownFileType = sourcecode.c.h; name = msgf_eg4seg.h; path = ../../../../Dropbox/ManagedSoftware/Musical_Sound_Generator_Framework/msgf_general/msgf_eg4seg.h; sourceTree = "<group>"; };
		FBD96E6C1D855D21006AE339 /* msgf_event_info.cpp */ = {isa = PBXFileReference; fileEncoding = 4; lastKnownFileType = sourcecode.cpp.cpp; name = msgf_event_info.cpp; path = ../../../../Dropbox/ManagedSoftware/Musical_Sound_Generator_Framework/msgf_general/msgf_event_info.cpp; sourceTree = "<group>"; };
		FBD96E6D1D855D21006AE339 /* msgf_event_info.h */ = {isa = PBXFileReference; fileEncoding = 4; lastKnownFileType = sourcecode.c.h; name = msgf_event_info.h; path = ../../../../Dropbox/ManagedSoftware/Musical_Sound_Generator_Framework/msgf_general/msgf_event_info.h; sourceTree = "<group>"; };
		FBD96E6E1D855D21006AE339 /* msgf_if.h */ = {isa = PBXFileReference; fileEncoding = 4; lastKnownFileType = sourcecode.c.h; name = msgf_if.h; path = ../../../../Dropbox/ManagedSoftware/Musical_Sound_Generator_Framework/msgf_general/msgf_if.h; sourceTree = "<group>"; };
		FBD96E6F1D855D21006AE339 /* msgf_instrument_for_check.cpp */ = {isa = PBXFileReference; fileEncoding = 4; lastKnownFileType = sourcecode.cpp.cpp; name = msgf_instrument_for_check.cpp; path = ../../../../Dropbox/ManagedSoftware/Musical_Sound_Generator_Framework/msgf_general/msgf_instrument_for_check.cpp; sourceTree = "<group>"; };
		FBD96E701D855D21006AE339 /* msgf_instrument_for_check.h */ = {isa = PBXFileReference; fileEncoding = 4; lastKnownFileType = sourcecode.c.h; name = msgf_instrument_for_check.h; path = ../../../../Dropbox/ManagedSoftware/Musical_Sound_Generator_Framework/msgf_general/msgf_instrument_for_check.h; sourceTree = "<group>"; };
		FBD96E711D855D21006AE339 /* msgf_instrument.cpp */ = {isa = PBXFileReference; fileEncoding = 4; lastKnownFileType = sourcecode.cpp.cpp; name = msgf_instrument.cpp; path = ../../../../Dropbox/ManagedSoftware/Musical_Sound_Generator_Framework/msgf_general/msgf_instrument.cpp; sourceTree = "<group>"; };
		FBD96E721D855D21006AE339 /* msgf_level_check.cpp */ = {isa = PBXFileReference; fileEncoding = 4; lastKnownFileType = sourcecode.cpp.cpp; name = msgf_level_check.cpp; path = ../../../../Dropbox/ManagedSoftware/Musical_Sound_Generator_Framework/msgf_general/msgf_level_check.cpp; sourceTree = "<group>"; };
		FBD96E731D855D21006AE339 /* msgf_lfo.cpp */ = {isa = PBXFileReference; fileEncoding = 4; lastKnownFileType = sourcecode.cpp.cpp; name = msgf_lfo.cpp; path = ../../../../Dropbox/ManagedSoftware/Musical_Sound_Generator_Framework/msgf_general/msgf_lfo.cpp; sourceTree = "<group>"; };
		FBD96E741D855D21006AE339 /* msgf_lfo.h */ = {isa = PBXFileReference; fileEncoding = 4; lastKnownFileType = sourcecode.c.h; name = msgf_lfo.h; path = ../../../../Dropbox/ManagedSoftware/Musical_Sound_Generator_Framework/msgf_general/msgf_lfo.h; sourceTree = "<group>"; };
		FBD96E751D855D21006AE339 /* msgf_note.cpp */ = {isa = PBXFileReference; fileEncoding = 4; lastKnownFileType = sourcecode.cpp.cpp; name = msgf_note.cpp; path = ../../../../Dropbox/ManagedSoftware/Musical_Sound_Generator_Framework/msgf_general/msgf_note.cpp; sourceTree = "<group>"; };
		FBD96E761D855D21006AE339 /* msgf_note.h */ = {isa = PBXFileReference; fileEncoding = 4; lastKnownFileType = sourcecode.c.h; name = msgf_note.h; path = ../../../../Dropbox/ManagedSoftware/Musical_Sound_Generator_Framework/msgf_general/msgf_note.h; sourceTree = "<group>"; };
		FBD96E771D855D21006AE339 /* msgf_part.cpp */ = {isa = PBXFileReference; fileEncoding = 4; lastKnownFileType = sourcecode.cpp.cpp; name = msgf_part.cpp; path = ../../../../Dropbox/ManagedSoftware/Musical_Sound_Generator_Framework/msgf_general/msgf_part.cpp; sourceTree = "<group>"; };
		FBD96E781D855D21006AE339 /* msgf_signal_process_core.h */ = {isa = PBXFileReference; fileEncoding = 4; lastKnownFileType = sourcecode.c.h; name = msgf_signal_process_core.h; path = ../../../../Dropbox/ManagedSoftware/Musical_Sound_Generator_Framework/msgf_general/msgf_signal_process_core.h; sourceTree = "<group>"; };
		FBD96E791D855D21006AE339 /* msgf_type.h */ = {isa = PBXFileReference; fileEncoding = 4; lastKnownFileType = sourcecode.c.h; name = msgf_type.h; path = ../../../../Dropbox/ManagedSoftware/Musical_Sound_Generator_Framework/msgf_general/msgf_type.h; sourceTree = "<group>"; };
		FBD96E7A1D855D21006AE339 /* msgf_voice_context.cpp */ = {isa = PBXFileReference; fileEncoding = 4; lastKnownFileType = sourcecode.cpp.cpp; name = msgf_voice_context.cpp; path = ../../../../Dropbox/ManagedSoftware/Musical_Sound_Generator_Framework/msgf_general/msgf_voice_context.cpp; sourceTree = "<group>"; };
		FBD96E7B1D855D21006AE339 /* msgf_voice_context.h */ = {isa = PBXFileReference; fileEncoding = 4; lastKnownFileType = sourcecode.c.h; name = msgf_voice_context.h; path = ../../../../Dropbox/ManagedSoftware/Musical_Sound_Generator_Framework/msgf_general/msgf_voice_context.h; sourceTree = "<group>"; };
		FBD96E8F1D855D39006AE339 /* msgf_osc_pipe.cpp */ = {isa = PBXFileReference; fileEncoding = 4; lastKnownFileType = sourcecode.cpp.cpp; name = msgf_osc_pipe.cpp; path = ../../../../Dropbox/ManagedSoftware/Musical_Sound_Generator_Framework/audio_engine/msgf_osc_pipe.cpp; sourceTree = "<group>"; };
		FBD96E901D855D39006AE339 /* msgf_osc_pipe.h */ = {isa = PBXFileReference; fileEncoding = 4; lastKnownFileType = sourcecode.c.h; name = msgf_osc_pipe.h; path = ../../../../Dropbox/ManagedSoftware/Musical_Sound_Generator_Framework/audio_engine/msgf_osc_pipe.h; sourceTree = "<group>"; };
		FBD96E911D855D39006AE339 /* msgf_amp_pipe.cpp */ = {isa = PBXFileReference; fileEncoding = 4; lastKnownFileType = sourcecode.cpp.cpp; name = msgf_amp_pipe.cpp; path = ../../../../Dropbox/ManagedSoftware/Musical_Sound_Generator_Framework/audio_engine/msgf_amp_pipe.cpp; sourceTree = "<group>"; };
		FBD96E951D855D39006AE339 /* msgf_amp_pipe.h */ = {isa = PBXFileReference; fileEncoding = 4; lastKnownFileType = sourcecode.c.h; name = msgf_amp_pipe.h; path = ../../../../Dropbox/ManagedSoftware/Musical_Sound_Generator_Framework/audio_engine/msgf_amp_pipe.h; sourceTree = "<group>"; };
		FBD96EA11D855D50006AE339 /* mf_instrument.cpp */ = {isa = PBXFileReference; fileEncoding = 4; lastKnownFileType = sourcecode.cpp.cpp; name = mf_instrument.cpp; path = ../../../../Dropbox/ManagedSoftware/Musical_Sound_Generator_Framework/magic_flute/mf_instrument.cpp; sourceTree = "<group>"; };
		FBD96EA21D855D50006AE339 /* mf_voice_context.cpp */ = {isa = PBXFileReference; fileEncoding = 4; lastKnownFileType = sourcecode.cpp.cpp; name = mf_voice_context.cpp; path = ../../../../Dropbox/ManagedSoftware/Musical_Sound_Generator_Framework/magic_flute/mf_voice_context.cpp; sourceTree = "<group>"; };
		FBD96EA31D855D50006AE339 /* mf_voice_context.h */ = {isa = PBXFileReference; fileEncoding = 4; lastKnownFileType = sourcecode.c.h; name = mf_voice_context.h; path = ../../../../Dropbox/ManagedSoftware/Musical_Sound_Generator_Framework/magic_flute/mf_voice_context.h; sourceTree = "<group>"; };
		FBD96EA41D855D50006AE339 /* mf_instrument.h */ = {isa = PBXFileReference; fileEncoding = 4; lastKnownFileType = sourcecode.c.h; name = mf_instrument.h; path = ../../../../Dropbox/ManagedSoftware/Musical_Sound_Generator_Framework/magic_flute/mf_instrument.h; sourceTree = "<group>"; };
		FBD96EA51D855D50006AE339 /* mf_note.cpp */ = {isa = PBXFileReference; fileEncoding = 4; lastKnownFileType = sourcecode.cpp.cpp; name = mf_note.cpp; path = ../../../../Dropbox/ManagedSoftware/Musical_Sound_Generator_Framework/magic_flute/mf_note.cpp; sourceTree = "<group>"; };
		FBD96EA61D855D50006AE339 /* mf_note.h */ = {isa = PBXFileReference; fileEncoding = 4; lastKnownFileType = sourcecode.c.h; name = mf_note.h; path = ../../../../Dropbox/ManagedSoftware/Musical_Sound_Generator_Framework/magic_flute/mf_note.h; sourceTree = "<group>"; };
		FBD96EA71D855D50006AE339 /* msgf_configuration.cpp */ = {isa = PBXFileReference; fileEncoding = 4; lastKnownFileType = sourcecode.cpp.cpp; name = msgf_configuration.cpp; path = ../../../../Dropbox/ManagedSoftware/Musical_Sound_Generator_Framework/magic_flute/msgf_configuration.cpp; sourceTree = "<group>"; };
		FBD96EA81D855D50006AE339 /* msgf_configuration.h */ = {isa = PBXFileReference; fileEncoding = 4; lastKnownFileType = sourcecode.c.h; name = msgf_configuration.h; path = ../../../../Dropbox/ManagedSoftware/Musical_Sound_Generator_Framework/magic_flute/msgf_configuration.h; sourceTree = "<group>"; };
		FBD96F231D8567AB006AE339 /* CoreAudio.framework */ = {isa = PBXFileReference; lastKnownFileType = wrapper.framework; name = CoreAudio.framework; path = System/Library/Frameworks/CoreAudio.framework; sourceTree = SDKROOT; };
		FBD96F251D8567BB006AE339 /* CoreMIDI.framework */ = {isa = PBXFileReference; lastKnownFileType = wrapper.framework; name = CoreMIDI.framework; path = System/Library/Frameworks/CoreMIDI.framework; sourceTree = SDKROOT; };
		FBD96F271D8567CD006AE339 /* CoreFoundation.framework */ = {isa = PBXFileReference; lastKnownFileType = wrapper.framework; name = CoreFoundation.framework; path = System/Library/Frameworks/CoreFoundation.framework; sourceTree = SDKROOT; };
/* End PBXFileReference section */

/* Begin PBXFrameworksBuildPhase section */
		FBD96E3A1D855BF3006AE339 /* Frameworks */ = {
			isa = PBXFrameworksBuildPhase;
			buildActionMask = 2147483647;
			files = (
				FBD96F281D8567CD006AE339 /* CoreFoundation.framework in Frameworks */,
				FBD96F261D8567BB006AE339 /* CoreMIDI.framework in Frameworks */,
				FBD96F241D8567AB006AE339 /* CoreAudio.framework in Frameworks */,
			);
			runOnlyForDeploymentPostprocessing = 0;
		};
/* End PBXFrameworksBuildPhase section */

/* Begin PBXGroup section */
		FBD96E341D855BF3006AE339 = {
			isa = PBXGroup;
			children = (
				FBD96F271D8567CD006AE339 /* CoreFoundation.framework */,
				FBD96F251D8567BB006AE339 /* CoreMIDI.framework */,
				FBD96F231D8567AB006AE339 /* CoreAudio.framework */,
				FBD96E5C1D855CBB006AE339 /* MSGF */,
				FBD96EBB1D856604006AE339 /* stk_include */,
				FBD96E521D855C7E006AE339 /* stk */,
				FBC663D21D8F4EE100224316 /* ssdevenv_main.cpp */,
				FBD96E3E1D855BF3006AE339 /* Products */,
			);
			sourceTree = "<group>";
		};
		FBD96E3E1D855BF3006AE339 /* Products */ = {
			isa = PBXGroup;
			children = (
				FBD96E3D1D855BF3006AE339 /* ssdevenv */,
			);
			name = Products;
			sourceTree = "<group>";
		};
		FBD96E521D855C7E006AE339 /* stk */ = {
			isa = PBXGroup;
			children = (
				FB7679FD1D8D749200C2593B /* OnePole.cpp */,
				FB7679FB1D8D73C600C2593B /* SineWave.cpp */,
				FB7679F91D8D736400C2593B /* Noise.cpp */,
				FB7679F71D8D731E00C2593B /* Modulate.cpp */,
				FB7679F51D8D71D700C2593B /* Envelope.cpp */,
				FB7679EF1D8D719400C2593B /* Delay.cpp */,
				FB7679F01D8D719400C2593B /* DelayA.cpp */,
				FB7679F11D8D719400C2593B /* DelayL.cpp */,
				FBA13A9D1D8CCEB7000A28F7 /* FileLoop.cpp */,
				FBA13A9E1D8CCEB7000A28F7 /* FileRead.cpp */,
				FBA13A9F1D8CCEB7000A28F7 /* FileWrite.cpp */,
				FBA13AA01D8CCEB7000A28F7 /* FileWvIn.cpp */,
				FBA13AA11D8CCEB7000A28F7 /* FileWvOut.cpp */,
				FBA13AA21D8CCEB7000A28F7 /* Fir.cpp */,
				FBA13AAB1D8CCEB7000A28F7 /* JCRev.cpp */,
				FBA13AAD1D8CCEB7000A28F7 /* Messager.cpp */,
				FBA13AB11D8CCEB7000A28F7 /* Mutex.cpp */,
				FBA13ABA1D8CCEB7000A28F7 /* RtAudio.cpp */,
				FBA13ABB1D8CCEB7000A28F7 /* RtMidi.cpp */,
				FBA13AC11D8CCEB7000A28F7 /* Skini.cpp */,
				FBA13AC21D8CCEB7000A28F7 /* Socket.cpp */,
				FBA13AC31D8CCEB7000A28F7 /* Sphere.cpp */,
				FBA13AC41D8CCEB7000A28F7 /* Stk.cpp */,
				FBA13AC71D8CCEB7000A28F7 /* TcpServer.cpp */,
				FBA13AC81D8CCEB7000A28F7 /* Thread.cpp */,
				FBA13ACD1D8CCEB7000A28F7 /* Voicer.cpp */,
			);
			name = stk;
			sourceTree = "<group>";
		};
		FBD96E5C1D855CBB006AE339 /* MSGF */ = {
			isa = PBXGroup;
			children = (
				FBD96E5F1D855CF2006AE339 /* magic_flute */,
				FBD96E5E1D855CEA006AE339 /* audio_engine */,
				FBD96E5D1D855CD5006AE339 /* msgf_general */,
			);
			name = MSGF;
			sourceTree = "<group>";
		};
		FBD96E5D1D855CD5006AE339 /* msgf_general */ = {
			isa = PBXGroup;
			children = (
				FBD96E601D855D21006AE339 /* msgf_level_check.h */,
				FBD96E611D855D21006AE339 /* msgf_if.cpp */,
				FBD96E621D855D21006AE339 /* msgf_part.h */,
				FBD96E631D855D21006AE339 /* msgf_instrument.h */,
				FBD96E641D855D21006AE339 /* msgf_audio_buffer.cpp */,
				FBD96E651D855D21006AE339 /* msgf_audio_buffer.h */,
				FBD96E661D855D21006AE339 /* msgf_eg.cpp */,
				FBD96E671D855D21006AE339 /* msgf_eg.h */,
				FBD96E681D855D21006AE339 /* msgf_eg2seg.cpp */,
				FBD96E691D855D21006AE339 /* msgf_eg2seg.h */,
				FBD96E6A1D855D21006AE339 /* msgf_eg4seg.cpp */,
				FBD96E6B1D855D21006AE339 /* msgf_eg4seg.h */,
				FBD96E6C1D855D21006AE339 /* msgf_event_info.cpp */,
				FBD96E6D1D855D21006AE339 /* msgf_event_info.h */,
				FBD96E6E1D855D21006AE339 /* msgf_if.h */,
				FBD96E6F1D855D21006AE339 /* msgf_instrument_for_check.cpp */,
				FBD96E701D855D21006AE339 /* msgf_instrument_for_check.h */,
				FBD96E711D855D21006AE339 /* msgf_instrument.cpp */,
				FBD96E721D855D21006AE339 /* msgf_level_check.cpp */,
				FBD96E731D855D21006AE339 /* msgf_lfo.cpp */,
				FBD96E741D855D21006AE339 /* msgf_lfo.h */,
				FBD96E751D855D21006AE339 /* msgf_note.cpp */,
				FBD96E761D855D21006AE339 /* msgf_note.h */,
				FBD96E771D855D21006AE339 /* msgf_part.cpp */,
				FBD96E781D855D21006AE339 /* msgf_signal_process_core.h */,
				FBD96E791D855D21006AE339 /* msgf_type.h */,
				FBD96E7A1D855D21006AE339 /* msgf_voice_context.cpp */,
				FBD96E7B1D855D21006AE339 /* msgf_voice_context.h */,
			);
			name = msgf_general;
			sourceTree = "<group>";
		};
		FBD96E5E1D855CEA006AE339 /* audio_engine */ = {
			isa = PBXGroup;
			children = (
				FBD96E8F1D855D39006AE339 /* msgf_osc_pipe.cpp */,
				FBD96E901D855D39006AE339 /* msgf_osc_pipe.h */,
				FBD96E911D855D39006AE339 /* msgf_amp_pipe.cpp */,
				FBD96E951D855D39006AE339 /* msgf_amp_pipe.h */,
			);
			name = audio_engine;
			sourceTree = "<group>";
		};
		FBD96E5F1D855CF2006AE339 /* magic_flute */ = {
			isa = PBXGroup;
			children = (
				FBD96EA11D855D50006AE339 /* mf_instrument.cpp */,
				FBD96EA21D855D50006AE339 /* mf_voice_context.cpp */,
				FBD96EA31D855D50006AE339 /* mf_voice_context.h */,
				FBD96EA41D855D50006AE339 /* mf_instrument.h */,
				FBD96EA51D855D50006AE339 /* mf_note.cpp */,
				FBD96EA61D855D50006AE339 /* mf_note.h */,
				FBD96EA71D855D50006AE339 /* msgf_configuration.cpp */,
				FBD96EA81D855D50006AE339 /* msgf_configuration.h */,
			);
			name = magic_flute;
			sourceTree = "<group>";
		};
		FBD96EBB1D856604006AE339 /* stk_include */ = {
			isa = PBXGroup;
			children = (
				FB7679EC1D8D717E00C2593B /* Delay.h */,
				FB7679ED1D8D717E00C2593B /* DelayA.h */,
				FB7679EE1D8D717E00C2593B /* DelayL.h */,
				FBA13B111D8CCEEC000A28F7 /* BowTable.h */,
				FBA13B131D8CCEED000A28F7 /* Cubic.h */,
				FBA13B181D8CCEED000A28F7 /* Effect.h */,
				FBA13B191D8CCEED000A28F7 /* Envelope.h */,
				FBA13B1A1D8CCEED000A28F7 /* FileLoop.h */,
				FBA13B1B1D8CCEED000A28F7 /* FileRead.h */,
				FBA13B1C1D8CCEED000A28F7 /* FileWrite.h */,
				FBA13B1D1D8CCEED000A28F7 /* FileWvIn.h */,
				FBA13B1E1D8CCEED000A28F7 /* FileWvOut.h */,
				FBA13B1F1D8CCEED000A28F7 /* Filter.h */,
				FBA13B201D8CCEED000A28F7 /* Fir.h */,
				FBA13B241D8CCEED000A28F7 /* Function.h */,
				FBA13B251D8CCEED000A28F7 /* Generator.h */,
				FBA13B2B1D8CCEED000A28F7 /* Instrmnt.h */,
				FBA13B2C1D8CCEED000A28F7 /* JCRev.h */,
				FBA13B2D1D8CCEED000A28F7 /* JetTable.h */,
				FBA13B2F1D8CCEED000A28F7 /* Messager.h */,
				FBA13B321D8CCEED000A28F7 /* Modulate.h */,
				FBA13B331D8CCEED000A28F7 /* Mutex.h */,
				FBA13B341D8CCEED000A28F7 /* Noise.h */,
				FBA13B361D8CCEED000A28F7 /* OnePole.h */,
				FBA13B3C1D8CCEED000A28F7 /* ReedTable.h */,
				FBA13B3D1D8CCEED000A28F7 /* RtAudio.h */,
				FBA13B3E1D8CCEED000A28F7 /* RtMidi.h */,
				FBA13B421D8CCEED000A28F7 /* SineWave.h */,
				FBA13B431D8CCEED000A28F7 /* SingWave.h */,
				FBA13B441D8CCEED000A28F7 /* Skini.h */,
				FBA13B451D8CCEED000A28F7 /* SKINImsg.h */,
				FBA13B461D8CCEED000A28F7 /* SKINItbl.h */,
				FBA13B471D8CCEED000A28F7 /* Socket.h */,
				FBA13B481D8CCEED000A28F7 /* Sphere.h */,
				FBA13B491D8CCEED000A28F7 /* Stk.h */,
				FBA13B4C1D8CCEED000A28F7 /* TcpServer.h */,
				FBA13B4D1D8CCEED000A28F7 /* Thread.h */,
				FBA13B521D8CCEED000A28F7 /* Vector3D.h */,
				FBA13B531D8CCEED000A28F7 /* Voicer.h */,
				FBA13B541D8CCEED000A28F7 /* WvIn.h */,
				FBA13B551D8CCEED000A28F7 /* WvOut.h */,
			);
			name = stk_include;
			sourceTree = "<group>";
		};
/* End PBXGroup section */

/* Begin PBXNativeTarget section */
		FBD96E3C1D855BF3006AE339 /* ssdevenv */ = {
			isa = PBXNativeTarget;
			buildConfigurationList = FBD96E441D855BF3006AE339 /* Build configuration list for PBXNativeTarget "ssdevenv" */;
			buildPhases = (
				FBD96E391D855BF3006AE339 /* Sources */,
				FBD96E3A1D855BF3006AE339 /* Frameworks */,
				FBD96E3B1D855BF3006AE339 /* CopyFiles */,
			);
			buildRules = (
			);
			dependencies = (
			);
			name = ssdevenv;
			productName = ssdevenv;
			productReference = FBD96E3D1D855BF3006AE339 /* ssdevenv */;
			productType = "com.apple.product-type.tool";
		};
/* End PBXNativeTarget section */

/* Begin PBXProject section */
		FBD96E351D855BF3006AE339 /* Project object */ = {
			isa = PBXProject;
			attributes = {
				LastUpgradeCheck = 0730;
				ORGANIZATIONNAME = "長谷部 雅彦";
				TargetAttributes = {
					FBD96E3C1D855BF3006AE339 = {
						CreatedOnToolsVersion = 7.3.1;
					};
				};
			};
			buildConfigurationList = FBD96E381D855BF3006AE339 /* Build configuration list for PBXProject "ssdevenv" */;
			compatibilityVersion = "Xcode 3.2";
			developmentRegion = English;
			hasScannedForEncodings = 0;
			knownRegions = (
				en,
			);
			mainGroup = FBD96E341D855BF3006AE339;
			productRefGroup = FBD96E3E1D855BF3006AE339 /* Products */;
			projectDirPath = "";
			projectRoot = "";
			targets = (
				FBD96E3C1D855BF3006AE339 /* ssdevenv */,
			);
		};
/* End PBXProject section */

/* Begin PBXSourcesBuildPhase section */
		FBD96E391D855BF3006AE339 /* Sources */ = {
			isa = PBXSourcesBuildPhase;
			buildActionMask = 2147483647;
			files = (
				FBA13AFF1D8CCEB7000A28F7 /* Socket.cpp in Sources */,
				FB7679FE1D8D749200C2593B /* OnePole.cpp in Sources */,
				FBA13ADD1D8CCEB7000A28F7 /* FileWvIn.cpp in Sources */,
				FBA13ADE1D8CCEB7000A28F7 /* FileWvOut.cpp in Sources */,
				FBD96E7F1D855D21006AE339 /* msgf_eg2seg.cpp in Sources */,
				FBD96EAA1D855D50006AE339 /* mf_voice_context.cpp in Sources */,
				FBD96E811D855D21006AE339 /* msgf_event_info.cpp in Sources */,
				FBD96E821D855D21006AE339 /* msgf_instrument_for_check.cpp in Sources */,
				FB7679F31D8D719400C2593B /* DelayA.cpp in Sources */,
				FBD96EAB1D855D50006AE339 /* mf_note.cpp in Sources */,
				FBD96E851D855D21006AE339 /* msgf_lfo.cpp in Sources */,
				FBD96E881D855D21006AE339 /* msgf_voice_context.cpp in Sources */,
				FBA13AF71D8CCEB7000A28F7 /* RtAudio.cpp in Sources */,
				FBA13AEA1D8CCEB7000A28F7 /* Messager.cpp in Sources */,
				FBD96E7E1D855D21006AE339 /* msgf_eg.cpp in Sources */,
				FBA13B0A1D8CCEB7000A28F7 /* Voicer.cpp in Sources */,
				FBD96EAC1D855D50006AE339 /* msgf_configuration.cpp in Sources */,
				FBD96E871D855D21006AE339 /* msgf_part.cpp in Sources */,
				FBD96E841D855D21006AE339 /* msgf_level_check.cpp in Sources */,
				FBD96E861D855D21006AE339 /* msgf_note.cpp in Sources */,
				FBA13B001D8CCEB7000A28F7 /* Sphere.cpp in Sources */,
				FBD96E7D1D855D21006AE339 /* msgf_audio_buffer.cpp in Sources */,
				FBA13AF81D8CCEB7000A28F7 /* RtMidi.cpp in Sources */,
				FBA13ADC1D8CCEB7000A28F7 /* FileWrite.cpp in Sources */,
				FB7679F21D8D719400C2593B /* Delay.cpp in Sources */,
				FBC663D31D8F4EE100224316 /* ssdevenv_main.cpp in Sources */,
				FBA13AFE1D8CCEB7000A28F7 /* Skini.cpp in Sources */,
				FBD96E831D855D21006AE339 /* msgf_instrument.cpp in Sources */,
				FBD96E9C1D855D39006AE339 /* msgf_osc_pipe.cpp in Sources */,
				FB7679F81D8D731E00C2593B /* Modulate.cpp in Sources */,
				FBD96E9D1D855D39006AE339 /* msgf_amp_pipe.cpp in Sources */,
				FBA13ADB1D8CCEB7000A28F7 /* FileRead.cpp in Sources */,
				FB7679F41D8D719400C2593B /* DelayL.cpp in Sources */,
				FBA13ADA1D8CCEB7000A28F7 /* FileLoop.cpp in Sources */,
				FBA13AEE1D8CCEB7000A28F7 /* Mutex.cpp in Sources */,
				FBA13B041D8CCEB7000A28F7 /* TcpServer.cpp in Sources */,
				FB7679FA1D8D736400C2593B /* Noise.cpp in Sources */,
				FBA13AE81D8CCEB7000A28F7 /* JCRev.cpp in Sources */,
				FBD96E7C1D855D21006AE339 /* msgf_if.cpp in Sources */,
				FB7679F61D8D71D700C2593B /* Envelope.cpp in Sources */,
				FBA13ADF1D8CCEB7000A28F7 /* Fir.cpp in Sources */,
				FBA13B011D8CCEB7000A28F7 /* Stk.cpp in Sources */,
				FBA13B051D8CCEB7000A28F7 /* Thread.cpp in Sources */,
				FBD96EA91D855D50006AE339 /* mf_instrument.cpp in Sources */,
				FBD96E801D855D21006AE339 /* msgf_eg4seg.cpp in Sources */,
				FB7679FC1D8D73C600C2593B /* SineWave.cpp in Sources */,
			);
			runOnlyForDeploymentPostprocessing = 0;
		};
/* End PBXSourcesBuildPhase section */

/* Begin XCBuildConfiguration section */
		FBD96E421D855BF3006AE339 /* Debug */ = {
			isa = XCBuildConfiguration;
			buildSettings = {
				ALWAYS_SEARCH_USER_PATHS = NO;
				CLANG_ANALYZER_NONNULL = YES;
				CLANG_CXX_LANGUAGE_STANDARD = "gnu++0x";
				CLANG_CXX_LIBRARY = "libc++";
				CLANG_ENABLE_MODULES = YES;
				CLANG_ENABLE_OBJC_ARC = YES;
				CLANG_WARN_BOOL_CONVERSION = YES;
				CLANG_WARN_CONSTANT_CONVERSION = YES;
				CLANG_WARN_DIRECT_OBJC_ISA_USAGE = YES_ERROR;
				CLANG_WARN_EMPTY_BODY = YES;
				CLANG_WARN_ENUM_CONVERSION = YES;
				CLANG_WARN_INT_CONVERSION = YES;
				CLANG_WARN_OBJC_ROOT_CLASS = YES_ERROR;
				CLANG_WARN_UNREACHABLE_CODE = YES;
				CLANG_WARN__DUPLICATE_METHOD_MATCH = YES;
				CODE_SIGN_IDENTITY = "-";
				COPY_PHASE_STRIP = NO;
				DEBUG_INFORMATION_FORMAT = dwarf;
				ENABLE_STRICT_OBJC_MSGSEND = YES;
				ENABLE_TESTABILITY = YES;
				GCC_C_LANGUAGE_STANDARD = gnu99;
				GCC_DYNAMIC_NO_PIC = NO;
				GCC_NO_COMMON_BLOCKS = YES;
				GCC_OPTIMIZATION_LEVEL = 0;
				GCC_PREPROCESSOR_DEFINITIONS = (
					"DEBUG=1",
					"$(inherited)",
				);
				GCC_WARN_64_TO_32_BIT_CONVERSION = YES;
				GCC_WARN_ABOUT_RETURN_TYPE = YES_ERROR;
				GCC_WARN_UNDECLARED_SELECTOR = YES;
				GCC_WARN_UNINITIALIZED_AUTOS = YES_AGGRESSIVE;
				GCC_WARN_UNUSED_FUNCTION = YES;
				GCC_WARN_UNUSED_VARIABLE = YES;
				MACOSX_DEPLOYMENT_TARGET = 10.11;
				MTL_ENABLE_DEBUG_INFO = YES;
				ONLY_ACTIVE_ARCH = YES;
				SDKROOT = macosx;
			};
			name = Debug;
		};
		FBD96E431D855BF3006AE339 /* Release */ = {
			isa = XCBuildConfiguration;
			buildSettings = {
				ALWAYS_SEARCH_USER_PATHS = NO;
				CLANG_ANALYZER_NONNULL = YES;
				CLANG_CXX_LANGUAGE_STANDARD = "gnu++0x";
				CLANG_CXX_LIBRARY = "libc++";
				CLANG_ENABLE_MODULES = YES;
				CLANG_ENABLE_OBJC_ARC = YES;
				CLANG_WARN_BOOL_CONVERSION = YES;
				CLANG_WARN_CONSTANT_CONVERSION = YES;
				CLANG_WARN_DIRECT_OBJC_ISA_USAGE = YES_ERROR;
				CLANG_WARN_EMPTY_BODY = YES;
				CLANG_WARN_ENUM_CONVERSION = YES;
				CLANG_WARN_INT_CONVERSION = YES;
				CLANG_WARN_OBJC_ROOT_CLASS = YES_ERROR;
				CLANG_WARN_UNREACHABLE_CODE = YES;
				CLANG_WARN__DUPLICATE_METHOD_MATCH = YES;
				CODE_SIGN_IDENTITY = "-";
				COPY_PHASE_STRIP = NO;
				DEBUG_INFORMATION_FORMAT = "dwarf-with-dsym";
				ENABLE_NS_ASSERTIONS = NO;
				ENABLE_STRICT_OBJC_MSGSEND = YES;
				GCC_C_LANGUAGE_STANDARD = gnu99;
				GCC_NO_COMMON_BLOCKS = YES;
				GCC_WARN_64_TO_32_BIT_CONVERSION = YES;
				GCC_WARN_ABOUT_RETURN_TYPE = YES_ERROR;
				GCC_WARN_UNDECLARED_SELECTOR = YES;
				GCC_WARN_UNINITIALIZED_AUTOS = YES_AGGRESSIVE;
				GCC_WARN_UNUSED_FUNCTION = YES;
				GCC_WARN_UNUSED_VARIABLE = YES;
				MACOSX_DEPLOYMENT_TARGET = 10.11;
				MTL_ENABLE_DEBUG_INFO = NO;
				SDKROOT = macosx;
			};
			name = Release;
		};
		FBD96E451D855BF3006AE339 /* Debug */ = {
			isa = XCBuildConfiguration;
			buildSettings = {
				GCC_PREPROCESSOR_DEFINITIONS = (
					__MACOSX_CORE__,
					__LITTLE_ENDIAN__,
					_STK_DEBUG_,
				);
				PRODUCT_NAME = "$(TARGET_NAME)";
			};
			name = Debug;
		};
		FBD96E461D855BF3006AE339 /* Release */ = {
			isa = XCBuildConfiguration;
			buildSettings = {
				GCC_PREPROCESSOR_DEFINITIONS = (
					__MACOSX_CORE__,
					__LITTLE_ENDIAN__,
				);
				PRODUCT_NAME = "$(TARGET_NAME)";
			};
			name = Release;
		};
/* End XCBuildConfiguration section */

/* Begin XCConfigurationList section */
		FBD96E381D855BF3006AE339 /* Build configuration list for PBXProject "ssdevenv" */ = {
			isa = XCConfigurationList;
			buildConfigurations = (
				FBD96E421D855BF3006AE339 /* Debug */,
				FBD96E431D855BF3006AE339 /* Release */,
			);
			defaultConfigurationIsVisible = 0;
			defaultConfigurationName = Release;
		};
		FBD96E441D855BF3006AE339 /* Build configuration list for PBXNativeTarget "ssdevenv" */ = {
			isa = XCConfigurationList;
			buildConfigurations = (
				FBD96E451D855BF3006AE339 /* Debug */,
				FBD96E461D855BF3006AE339 /* Release */,
			);
			defaultConfigurationIsVisible = 0;
			defaultConfigurationName = Release;
		};
/* End XCConfigurationList section */
	};
	rootObject = FBD96E351D855BF3006AE339 /* Project object */;
}
